
Microsoft Visual Studio Solution File, Format Version 12.00
# Visual Studio Version 16
VisualStudioVersion = 16.0.31112.23
MinimumVisualStudioVersion = 10.0.40219.1
Project("{FAE04EC0-301F-11D3-BF4B-00C04F79EFBC}") = "FilRouge.DataAccessLayer", "FilRouge.DataAccessLayer\FilRouge.DataAccessLayer.csproj", "{E76CB746-0E94-4552-B27F-B9D55E30E118}"
EndProject
Project("{FAE04EC0-301F-11D3-BF4B-00C04F79EFBC}") = "FilRouge.Web", "FilRouge.Web\FilRouge.Web.csproj", "{7B4427EB-B2FB-46E5-9033-3A8464973000}"
EndProject
Project("{FAE04EC0-301F-11D3-BF4B-00C04F79EFBC}") = "FilRouge.ApiData", "FilRouge.ApiData\FilRouge.ApiData.csproj", "{679A4D18-370C-4E2D-872E-8E2242E4E1CC}"
EndProject
Project("{FAE04EC0-301F-11D3-BF4B-00C04F79EFBC}") = "FilRouge.XamarinBis.Android", "FilRouge.XamarinBis\FilRouge.XamarinBis.Android\FilRouge.XamarinBis.Android.csproj", "{A0C09C83-45EA-4684-8BF8-4CEBAAE3FD5E}"
EndProject
Project("{FAE04EC0-301F-11D3-BF4B-00C04F79EFBC}") = "FilRouge.XamarinBis.iOS", "FilRouge.XamarinBis\FilRouge.XamarinBis.iOS\FilRouge.XamarinBis.iOS.csproj", "{08968032-FAF2-44F6-BAA6-C07A7BCA4C22}"
EndProject
Project("{FAE04EC0-301F-11D3-BF4B-00C04F79EFBC}") = "FilRouge.XamarinBis", "FilRouge.XamarinBis\FilRouge.XamarinBis\FilRouge.XamarinBis.csproj", "{466108E7-87C5-48F2-85D3-D8D486D95313}"
EndProject
Global
	GlobalSection(SolutionConfigurationPlatforms) = preSolution
		Debug|Any CPU = Debug|Any CPU
		Debug|iPhone = Debug|iPhone
		Debug|iPhoneSimulator = Debug|iPhoneSimulator
		Release|Any CPU = Release|Any CPU
		Release|iPhone = Release|iPhone
		Release|iPhoneSimulator = Release|iPhoneSimulator
	EndGlobalSection
	GlobalSection(ProjectConfigurationPlatforms) = postSolution
		{E76CB746-0E94-4552-B27F-B9D55E30E118}.Debug|Any CPU.ActiveCfg = Debug|Any CPU
		{E76CB746-0E94-4552-B27F-B9D55E30E118}.Debug|Any CPU.Build.0 = Debug|Any CPU
		{E76CB746-0E94-4552-B27F-B9D55E30E118}.Debug|iPhone.ActiveCfg = Debug|Any CPU
		{E76CB746-0E94-4552-B27F-B9D55E30E118}.Debug|iPhone.Build.0 = Debug|Any CPU
		{E76CB746-0E94-4552-B27F-B9D55E30E118}.Debug|iPhoneSimulator.ActiveCfg = Debug|Any CPU
		{E76CB746-0E94-4552-B27F-B9D55E30E118}.Debug|iPhoneSimulator.Build.0 = Debug|Any CPU
		{E76CB746-0E94-4552-B27F-B9D55E30E118}.Release|Any CPU.ActiveCfg = Release|Any CPU
		{E76CB746-0E94-4552-B27F-B9D55E30E118}.Release|Any CPU.Build.0 = Release|Any CPU
		{E76CB746-0E94-4552-B27F-B9D55E30E118}.Release|iPhone.ActiveCfg = Release|Any CPU
		{E76CB746-0E94-4552-B27F-B9D55E30E118}.Release|iPhone.Build.0 = Release|Any CPU
		{E76CB746-0E94-4552-B27F-B9D55E30E118}.Release|iPhoneSimulator.ActiveCfg = Release|Any CPU
		{E76CB746-0E94-4552-B27F-B9D55E30E118}.Release|iPhoneSimulator.Build.0 = Release|Any CPU
		{7B4427EB-B2FB-46E5-9033-3A8464973000}.Debug|Any CPU.ActiveCfg = Debug|Any CPU
		{7B4427EB-B2FB-46E5-9033-3A8464973000}.Debug|Any CPU.Build.0 = Debug|Any CPU
		{7B4427EB-B2FB-46E5-9033-3A8464973000}.Debug|iPhone.ActiveCfg = Debug|Any CPU
		{7B4427EB-B2FB-46E5-9033-3A8464973000}.Debug|iPhone.Build.0 = Debug|Any CPU
		{7B4427EB-B2FB-46E5-9033-3A8464973000}.Debug|iPhoneSimulator.ActiveCfg = Debug|Any CPU
		{7B4427EB-B2FB-46E5-9033-3A8464973000}.Debug|iPhoneSimulator.Build.0 = Debug|Any CPU
		{7B4427EB-B2FB-46E5-9033-3A8464973000}.Release|Any CPU.ActiveCfg = Release|Any CPU
		{7B4427EB-B2FB-46E5-9033-3A8464973000}.Release|Any CPU.Build.0 = Release|Any CPU
		{7B4427EB-B2FB-46E5-9033-3A8464973000}.Release|iPhone.ActiveCfg = Release|Any CPU
		{7B4427EB-B2FB-46E5-9033-3A8464973000}.Release|iPhone.Build.0 = Release|Any CPU
		{7B4427EB-B2FB-46E5-9033-3A8464973000}.Release|iPhoneSimulator.ActiveCfg = Release|Any CPU
		{7B4427EB-B2FB-46E5-9033-3A8464973000}.Release|iPhoneSimulator.Build.0 = Release|Any CPU
		{679A4D18-370C-4E2D-872E-8E2242E4E1CC}.Debug|Any CPU.ActiveCfg = Debug|Any CPU
		{679A4D18-370C-4E2D-872E-8E2242E4E1CC}.Debug|Any CPU.Build.0 = Debug|Any CPU
		{679A4D18-370C-4E2D-872E-8E2242E4E1CC}.Debug|iPhone.ActiveCfg = Debug|Any CPU
		{679A4D18-370C-4E2D-872E-8E2242E4E1CC}.Debug|iPhone.Build.0 = Debug|Any CPU
		{679A4D18-370C-4E2D-872E-8E2242E4E1CC}.Debug|iPhoneSimulator.ActiveCfg = Debug|Any CPU
		{679A4D18-370C-4E2D-872E-8E2242E4E1CC}.Debug|iPhoneSimulator.Build.0 = Debug|Any CPU
		{679A4D18-370C-4E2D-872E-8E2242E4E1CC}.Release|Any CPU.ActiveCfg = Release|Any CPU
		{679A4D18-370C-4E2D-872E-8E2242E4E1CC}.Release|Any CPU.Build.0 = Release|Any CPU
		{679A4D18-370C-4E2D-872E-8E2242E4E1CC}.Release|iPhone.ActiveCfg = Release|Any CPU
		{679A4D18-370C-4E2D-872E-8E2242E4E1CC}.Release|iPhone.Build.0 = Release|Any CPU
		{679A4D18-370C-4E2D-872E-8E2242E4E1CC}.Release|iPhoneSimulator.ActiveCfg = Release|Any CPU
		{679A4D18-370C-4E2D-872E-8E2242E4E1CC}.Release|iPhoneSimulator.Build.0 = Release|Any CPU
		{A0C09C83-45EA-4684-8BF8-4CEBAAE3FD5E}.Debug|Any CPU.ActiveCfg = Debug|Any CPU
		{A0C09C83-45EA-4684-8BF8-4CEBAAE3FD5E}.Debug|Any CPU.Build.0 = Debug|Any CPU
		{A0C09C83-45EA-4684-8BF8-4CEBAAE3FD5E}.Debug|Any CPU.Deploy.0 = Debug|Any CPU
		{A0C09C83-45EA-4684-8BF8-4CEBAAE3FD5E}.Debug|iPhone.ActiveCfg = Debug|Any CPU
		{A0C09C83-45EA-4684-8BF8-4CEBAAE3FD5E}.Debug|iPhone.Build.0 = Debug|Any CPU
		{A0C09C83-45EA-4684-8BF8-4CEBAAE3FD5E}.Debug|iPhone.Deploy.0 = Debug|Any CPU
		{A0C09C83-45EA-4684-8BF8-4CEBAAE3FD5E}.Debug|iPhoneSimulator.ActiveCfg = Debug|Any CPU
		{A0C09C83-45EA-4684-8BF8-4CEBAAE3FD5E}.Debug|iPhoneSimulator.Build.0 = Debug|Any CPU
		{A0C09C83-45EA-4684-8BF8-4CEBAAE3FD5E}.Debug|iPhoneSimulator.Deploy.0 = Debug|Any CPU
		{A0C09C83-45EA-4684-8BF8-4CEBAAE3FD5E}.Release|Any CPU.ActiveCfg = Release|Any CPU
		{A0C09C83-45EA-4684-8BF8-4CEBAAE3FD5E}.Release|Any CPU.Build.0 = Release|Any CPU
		{A0C09C83-45EA-4684-8BF8-4CEBAAE3FD5E}.Release|Any CPU.Deploy.0 = Release|Any CPU
		{A0C09C83-45EA-4684-8BF8-4CEBAAE3FD5E}.Release|iPhone.ActiveCfg = Release|Any CPU
		{A0C09C83-45EA-4684-8BF8-4CEBAAE3FD5E}.Release|iPhone.Build.0 = Release|Any CPU
		{A0C09C83-45EA-4684-8BF8-4CEBAAE3FD5E}.Release|iPhone.Deploy.0 = Release|Any CPU
		{A0C09C83-45EA-4684-8BF8-4CEBAAE3FD5E}.Release|iPhoneSimulator.ActiveCfg = Release|Any CPU
		{A0C09C83-45EA-4684-8BF8-4CEBAAE3FD5E}.Release|iPhoneSimulator.Build.0 = Release|Any CPU
		{A0C09C83-45EA-4684-8BF8-4CEBAAE3FD5E}.Release|iPhoneSimulator.Deploy.0 = Release|Any CPU
		{08968032-FAF2-44F6-BAA6-C07A7BCA4C22}.Debug|Any CPU.ActiveCfg = Debug|iPhoneSimulator
		{08968032-FAF2-44F6-BAA6-C07A7BCA4C22}.Debug|iPhone.ActiveCfg = Debug|iPhone
		{08968032-FAF2-44F6-BAA6-C07A7BCA4C22}.Debug|iPhone.Build.0 = Debug|iPhone
		{08968032-FAF2-44F6-BAA6-C07A7BCA4C22}.Debug|iPhoneSimulator.ActiveCfg = Debug|iPhoneSimulator
		{08968032-FAF2-44F6-BAA6-C07A7BCA4C22}.Debug|iPhoneSimulator.Build.0 = Debug|iPhoneSimulator
		{08968032-FAF2-44F6-BAA6-C07A7BCA4C22}.Release|Any CPU.ActiveCfg = Release|iPhoneSimulator
		{08968032-FAF2-44F6-BAA6-C07A7BCA4C22}.Release|iPhone.ActiveCfg = Release|iPhone
		{08968032-FAF2-44F6-BAA6-C07A7BCA4C22}.Release|iPhone.Build.0 = Release|iPhone
		{08968032-FAF2-44F6-BAA6-C07A7BCA4C22}.Release|iPhoneSimulator.ActiveCfg = Release|iPhoneSimulator
		{08968032-FAF2-44F6-BAA6-C07A7BCA4C22}.Release|iPhoneSimulator.Build.0 = Release|iPhoneSimulator
		{466108E7-87C5-48F2-85D3-D8D486D95313}.Debug|Any CPU.ActiveCfg = Debug|Any CPU
		{466108E7-87C5-48F2-85D3-D8D486D95313}.Debug|Any CPU.Build.0 = Debug|Any CPU
		{466108E7-87C5-48F2-85D3-D8D486D95313}.Debug|iPhone.ActiveCfg = Debug|Any CPU
		{466108E7-87C5-48F2-85D3-D8D486D95313}.Debug|iPhone.Build.0 = Debug|Any CPU
		{466108E7-87C5-48F2-85D3-D8D486D95313}.Debug|iPhoneSimulator.ActiveCfg = Debug|Any CPU
		{466108E7-87C5-48F2-85D3-D8D486D95313}.Debug|iPhoneSimulator.Build.0 = Debug|Any CPU
		{466108E7-87C5-48F2-85D3-D8D486D95313}.Release|Any CPU.ActiveCfg = Release|Any CPU
		{466108E7-87C5-48F2-85D3-D8D486D95313}.Release|Any CPU.Build.0 = Release|Any CPU
		{466108E7-87C5-48F2-85D3-D8D486D95313}.Release|iPhone.ActiveCfg = Release|Any CPU
		{466108E7-87C5-48F2-85D3-D8D486D95313}.Release|iPhone.Build.0 = Release|Any CPU
		{466108E7-87C5-48F2-85D3-D8D486D95313}.Release|iPhoneSimulator.ActiveCfg = Release|Any CPU
		{466108E7-87C5-48F2-85D3-D8D486D95313}.Release|iPhoneSimulator.Build.0 = Release|Any CPU
	EndGlobalSection
	GlobalSection(SolutionProperties) = preSolution
		HideSolutionNode = FALSE
	EndGlobalSection
	GlobalSection(ExtensibilityGlobals) = postSolution
		SolutionGuid = {525306C0-74A3-4B72-A783-9589F1F519FD}
	EndGlobalSection
EndGlobal
