
Microsoft Visual Studio Solution File, Format Version 12.00
# Visual Studio Version 16
VisualStudioVersion = 16.0.31112.23
MinimumVisualStudioVersion = 10.0.40219.1
Project("{FAE04EC0-301F-11D3-BF4B-00C04F79EFBC}") = "FilRouge.DataAccessLayer", "FilRouge.DataAccessLayer\FilRouge.DataAccessLayer.csproj", "{E76CB746-0E94-4552-B27F-B9D55E30E118}"
EndProject
Project("{FAE04EC0-301F-11D3-BF4B-00C04F79EFBC}") = "FilRouge.Web", "FilRouge.Web\FilRouge.Web.csproj", "{7B4427EB-B2FB-46E5-9033-3A8464973000}"
EndProject
Project("{FAE04EC0-301F-11D3-BF4B-00C04F79EFBC}") = "FilRouge.ApiData", "FilRouge.ApiData\FilRouge.ApiData.csproj", "{679A4D18-370C-4E2D-872E-8E2242E4E1CC}"
EndProject
Project("{9A19103F-16F7-4668-BE54-9A1E7A4F7556}") = "FilRouge.Xamarin", "FilRouge.Xamarin\FilRouge.Xamarin.csproj", "{66BD2340-205C-4D6E-BBD8-9DFBC22D2CC0}"
EndProject
Project("{FAE04EC0-301F-11D3-BF4B-00C04F79EFBC}") = "FilRouge.Xamarin.Android", "FilRouge.Xamarin.Android\FilRouge.Xamarin.Android.csproj", "{2393CDED-69CD-483B-8FD1-AE2CC66E4E16}"
EndProject
Project("{FAE04EC0-301F-11D3-BF4B-00C04F79EFBC}") = "FilRouge.Xamarin.iOS", "FilRouge.Xamarin.iOS\FilRouge.Xamarin.iOS.csproj", "{87BAC545-AC20-4B70-BAC2-97430EC2CAB1}"
EndProject
Global
	GlobalSection(SolutionConfigurationPlatforms) = preSolution
		Debug|Any CPU = Debug|Any CPU
		Debug|iPhone = Debug|iPhone
		Debug|iPhoneSimulator = Debug|iPhoneSimulator
		Release|Any CPU = Release|Any CPU
		Release|iPhone = Release|iPhone
		Release|iPhoneSimulator = Release|iPhoneSimulator
	EndGlobalSection
	GlobalSection(ProjectConfigurationPlatforms) = postSolution
		{E76CB746-0E94-4552-B27F-B9D55E30E118}.Debug|Any CPU.ActiveCfg = Debug|Any CPU
		{E76CB746-0E94-4552-B27F-B9D55E30E118}.Debug|Any CPU.Build.0 = Debug|Any CPU
		{E76CB746-0E94-4552-B27F-B9D55E30E118}.Debug|iPhone.ActiveCfg = Debug|Any CPU
		{E76CB746-0E94-4552-B27F-B9D55E30E118}.Debug|iPhone.Build.0 = Debug|Any CPU
		{E76CB746-0E94-4552-B27F-B9D55E30E118}.Debug|iPhoneSimulator.ActiveCfg = Debug|Any CPU
		{E76CB746-0E94-4552-B27F-B9D55E30E118}.Debug|iPhoneSimulator.Build.0 = Debug|Any CPU
		{E76CB746-0E94-4552-B27F-B9D55E30E118}.Release|Any CPU.ActiveCfg = Release|Any CPU
		{E76CB746-0E94-4552-B27F-B9D55E30E118}.Release|Any CPU.Build.0 = Release|Any CPU
		{E76CB746-0E94-4552-B27F-B9D55E30E118}.Release|iPhone.ActiveCfg = Release|Any CPU
		{E76CB746-0E94-4552-B27F-B9D55E30E118}.Release|iPhone.Build.0 = Release|Any CPU
		{E76CB746-0E94-4552-B27F-B9D55E30E118}.Release|iPhoneSimulator.ActiveCfg = Release|Any CPU
		{E76CB746-0E94-4552-B27F-B9D55E30E118}.Release|iPhoneSimulator.Build.0 = Release|Any CPU
		{7B4427EB-B2FB-46E5-9033-3A8464973000}.Debug|Any CPU.ActiveCfg = Debug|Any CPU
		{7B4427EB-B2FB-46E5-9033-3A8464973000}.Debug|Any CPU.Build.0 = Debug|Any CPU
		{7B4427EB-B2FB-46E5-9033-3A8464973000}.Debug|iPhone.ActiveCfg = Debug|Any CPU
		{7B4427EB-B2FB-46E5-9033-3A8464973000}.Debug|iPhone.Build.0 = Debug|Any CPU
		{7B4427EB-B2FB-46E5-9033-3A8464973000}.Debug|iPhoneSimulator.ActiveCfg = Debug|Any CPU
		{7B4427EB-B2FB-46E5-9033-3A8464973000}.Debug|iPhoneSimulator.Build.0 = Debug|Any CPU
		{7B4427EB-B2FB-46E5-9033-3A8464973000}.Release|Any CPU.ActiveCfg = Release|Any CPU
		{7B4427EB-B2FB-46E5-9033-3A8464973000}.Release|Any CPU.Build.0 = Release|Any CPU
		{7B4427EB-B2FB-46E5-9033-3A8464973000}.Release|iPhone.ActiveCfg = Release|Any CPU
		{7B4427EB-B2FB-46E5-9033-3A8464973000}.Release|iPhone.Build.0 = Release|Any CPU
		{7B4427EB-B2FB-46E5-9033-3A8464973000}.Release|iPhoneSimulator.ActiveCfg = Release|Any CPU
		{7B4427EB-B2FB-46E5-9033-3A8464973000}.Release|iPhoneSimulator.Build.0 = Release|Any CPU
		{679A4D18-370C-4E2D-872E-8E2242E4E1CC}.Debug|Any CPU.ActiveCfg = Debug|Any CPU
		{679A4D18-370C-4E2D-872E-8E2242E4E1CC}.Debug|Any CPU.Build.0 = Debug|Any CPU
		{679A4D18-370C-4E2D-872E-8E2242E4E1CC}.Debug|iPhone.ActiveCfg = Debug|Any CPU
		{679A4D18-370C-4E2D-872E-8E2242E4E1CC}.Debug|iPhone.Build.0 = Debug|Any CPU
		{679A4D18-370C-4E2D-872E-8E2242E4E1CC}.Debug|iPhoneSimulator.ActiveCfg = Debug|Any CPU
		{679A4D18-370C-4E2D-872E-8E2242E4E1CC}.Debug|iPhoneSimulator.Build.0 = Debug|Any CPU
		{679A4D18-370C-4E2D-872E-8E2242E4E1CC}.Release|Any CPU.ActiveCfg = Release|Any CPU
		{679A4D18-370C-4E2D-872E-8E2242E4E1CC}.Release|Any CPU.Build.0 = Release|Any CPU
		{679A4D18-370C-4E2D-872E-8E2242E4E1CC}.Release|iPhone.ActiveCfg = Release|Any CPU
		{679A4D18-370C-4E2D-872E-8E2242E4E1CC}.Release|iPhone.Build.0 = Release|Any CPU
		{679A4D18-370C-4E2D-872E-8E2242E4E1CC}.Release|iPhoneSimulator.ActiveCfg = Release|Any CPU
		{679A4D18-370C-4E2D-872E-8E2242E4E1CC}.Release|iPhoneSimulator.Build.0 = Release|Any CPU
		{66BD2340-205C-4D6E-BBD8-9DFBC22D2CC0}.Debug|Any CPU.ActiveCfg = Debug|Any CPU
		{66BD2340-205C-4D6E-BBD8-9DFBC22D2CC0}.Debug|Any CPU.Build.0 = Debug|Any CPU
		{66BD2340-205C-4D6E-BBD8-9DFBC22D2CC0}.Debug|iPhone.ActiveCfg = Debug|Any CPU
		{66BD2340-205C-4D6E-BBD8-9DFBC22D2CC0}.Debug|iPhone.Build.0 = Debug|Any CPU
		{66BD2340-205C-4D6E-BBD8-9DFBC22D2CC0}.Debug|iPhoneSimulator.ActiveCfg = Debug|Any CPU
		{66BD2340-205C-4D6E-BBD8-9DFBC22D2CC0}.Debug|iPhoneSimulator.Build.0 = Debug|Any CPU
		{66BD2340-205C-4D6E-BBD8-9DFBC22D2CC0}.Release|Any CPU.ActiveCfg = Release|Any CPU
		{66BD2340-205C-4D6E-BBD8-9DFBC22D2CC0}.Release|Any CPU.Build.0 = Release|Any CPU
		{66BD2340-205C-4D6E-BBD8-9DFBC22D2CC0}.Release|iPhone.ActiveCfg = Release|Any CPU
		{66BD2340-205C-4D6E-BBD8-9DFBC22D2CC0}.Release|iPhone.Build.0 = Release|Any CPU
		{66BD2340-205C-4D6E-BBD8-9DFBC22D2CC0}.Release|iPhoneSimulator.ActiveCfg = Release|Any CPU
		{66BD2340-205C-4D6E-BBD8-9DFBC22D2CC0}.Release|iPhoneSimulator.Build.0 = Release|Any CPU
		{2393CDED-69CD-483B-8FD1-AE2CC66E4E16}.Debug|Any CPU.ActiveCfg = Debug|Any CPU
		{2393CDED-69CD-483B-8FD1-AE2CC66E4E16}.Debug|Any CPU.Build.0 = Debug|Any CPU
		{2393CDED-69CD-483B-8FD1-AE2CC66E4E16}.Debug|Any CPU.Deploy.0 = Debug|Any CPU
		{2393CDED-69CD-483B-8FD1-AE2CC66E4E16}.Debug|iPhone.ActiveCfg = Debug|Any CPU
		{2393CDED-69CD-483B-8FD1-AE2CC66E4E16}.Debug|iPhone.Build.0 = Debug|Any CPU
		{2393CDED-69CD-483B-8FD1-AE2CC66E4E16}.Debug|iPhone.Deploy.0 = Debug|Any CPU
		{2393CDED-69CD-483B-8FD1-AE2CC66E4E16}.Debug|iPhoneSimulator.ActiveCfg = Debug|Any CPU
		{2393CDED-69CD-483B-8FD1-AE2CC66E4E16}.Debug|iPhoneSimulator.Build.0 = Debug|Any CPU
		{2393CDED-69CD-483B-8FD1-AE2CC66E4E16}.Debug|iPhoneSimulator.Deploy.0 = Debug|Any CPU
		{2393CDED-69CD-483B-8FD1-AE2CC66E4E16}.Release|Any CPU.ActiveCfg = Release|Any CPU
		{2393CDED-69CD-483B-8FD1-AE2CC66E4E16}.Release|Any CPU.Build.0 = Release|Any CPU
		{2393CDED-69CD-483B-8FD1-AE2CC66E4E16}.Release|Any CPU.Deploy.0 = Release|Any CPU
		{2393CDED-69CD-483B-8FD1-AE2CC66E4E16}.Release|iPhone.ActiveCfg = Release|Any CPU
		{2393CDED-69CD-483B-8FD1-AE2CC66E4E16}.Release|iPhone.Build.0 = Release|Any CPU
		{2393CDED-69CD-483B-8FD1-AE2CC66E4E16}.Release|iPhone.Deploy.0 = Release|Any CPU
		{2393CDED-69CD-483B-8FD1-AE2CC66E4E16}.Release|iPhoneSimulator.ActiveCfg = Release|Any CPU
		{2393CDED-69CD-483B-8FD1-AE2CC66E4E16}.Release|iPhoneSimulator.Build.0 = Release|Any CPU
		{2393CDED-69CD-483B-8FD1-AE2CC66E4E16}.Release|iPhoneSimulator.Deploy.0 = Release|Any CPU
		{87BAC545-AC20-4B70-BAC2-97430EC2CAB1}.Debug|Any CPU.ActiveCfg = Debug|iPhoneSimulator
		{87BAC545-AC20-4B70-BAC2-97430EC2CAB1}.Debug|iPhone.ActiveCfg = Debug|iPhone
		{87BAC545-AC20-4B70-BAC2-97430EC2CAB1}.Debug|iPhone.Build.0 = Debug|iPhone
		{87BAC545-AC20-4B70-BAC2-97430EC2CAB1}.Debug|iPhoneSimulator.ActiveCfg = Debug|iPhoneSimulator
		{87BAC545-AC20-4B70-BAC2-97430EC2CAB1}.Debug|iPhoneSimulator.Build.0 = Debug|iPhoneSimulator
		{87BAC545-AC20-4B70-BAC2-97430EC2CAB1}.Release|Any CPU.ActiveCfg = Release|iPhoneSimulator
		{87BAC545-AC20-4B70-BAC2-97430EC2CAB1}.Release|iPhone.ActiveCfg = Release|iPhone
		{87BAC545-AC20-4B70-BAC2-97430EC2CAB1}.Release|iPhone.Build.0 = Release|iPhone
		{87BAC545-AC20-4B70-BAC2-97430EC2CAB1}.Release|iPhoneSimulator.ActiveCfg = Release|iPhoneSimulator
		{87BAC545-AC20-4B70-BAC2-97430EC2CAB1}.Release|iPhoneSimulator.Build.0 = Release|iPhoneSimulator
	EndGlobalSection
	GlobalSection(SolutionProperties) = preSolution
		HideSolutionNode = FALSE
	EndGlobalSection
	GlobalSection(ExtensibilityGlobals) = postSolution
		SolutionGuid = {525306C0-74A3-4B72-A783-9589F1F519FD}
	EndGlobalSection
EndGlobal
